
Microsoft Visual Studio Solution File, Format Version 12.00
# Visual Studio 15
VisualStudioVersion = 15.0.34112.143
MinimumVisualStudioVersion = 10.0.40219.1
Project("{FAE04EC0-301F-11D3-BF4B-00C04F79EFBC}") = "HR", "HR\HR.csproj", "{D57A9FF7-DA15-450D-BCAE-779723C5558C}"
EndProject
Global
	GlobalSection(SolutionConfigurationPlatforms) = preSolution
		Debug|Any CPU = Debug|Any CPU
		Release|Any CPU = Release|Any CPU
	EndGlobalSection
	GlobalSection(ProjectConfigurationPlatforms) = postSolution
		{D57A9FF7-DA15-450D-BCAE-779723C5558C}.Debug|Any CPU.ActiveCfg = Debug|Any CPU
		{D57A9FF7-DA15-450D-BCAE-779723C5558C}.Debug|Any CPU.Build.0 = Debug|Any CPU
		{D57A9FF7-DA15-450D-BCAE-779723C5558C}.Release|Any CPU.ActiveCfg = Release|Any CPU
		{D57A9FF7-DA15-450D-BCAE-779723C5558C}.Release|Any CPU.Build.0 = Release|Any CPU
	EndGlobalSection
	GlobalSection(SolutionProperties) = preSolution
		HideSolutionNode = FALSE
	EndGlobalSection
	GlobalSection(ExtensibilityGlobals) = postSolution
		SolutionGuid = {9139BE1F-6AB2-4E9E-BDF9-6D72A79F1B25}
	EndGlobalSection
EndGlobal
